dependencies:
- name: discovery-hyper-chart
  repository: file://../discovery-hyper-chart
  version: 0.1.0
- name: interface-hyper-chart
  repository: file://../interface-hyper-chart
  version: 0.1.0
- name: identity-hyper-chart
  repository: file://../identity-hyper-chart
  version: 0.1.0
digest: sha256:bee2bc629f9cc3252525578129333ce479591ca7e7c753a3a54080e27354cbde
generated: "2024-01-14T21:35:47.736800634Z"
