dependencies:
- name: discovery-hyper-chart
  repository: https://dohyper.github.io/chart.hyper
  version: 0.1.0
- name: interface-hyper-chart
  repository: file://../interface-hyper-chart
  version: 0.1.0
- name: identity-hyper-chart
  repository: file://../identity-hyper-chart
  version: 0.1.0
digest: sha256:02d90b657370e14d24f1af2424dfeedf6dfc5df1bbc432494d7063b2958d8706
generated: "2024-01-14T21:30:44.265320133Z"
